
Microsoft Visual Studio Solution File, Format Version 12.00
# Visual Studio Version 17
VisualStudioVersion = 17.14.36414.22 d17.14
MinimumVisualStudioVersion = 10.0.40219.1
Project("{FAE04EC0-301F-11D3-BF4B-00C04F79EFBC}") = "JiraLike", "JiraLike.csproj", "{0C23C28B-1420-426C-ACE4-0146777D511D}"
EndProject
Project("{FAE04EC0-301F-11D3-BF4B-00C04F79EFBC}") = "JiraLike.Application", "..\JiraLike.Application\JiraLike.Application.csproj", "{2F6CFFAC-D114-4077-B9A4-7F5C1382C533}"
EndProject
Project("{FAE04EC0-301F-11D3-BF4B-00C04F79EFBC}") = "JiraLike.Domain", "..\JiraLike.Domain\JiraLike.Domain.csproj", "{10246D24-FC9F-4BC3-9017-9705D1195645}"
EndProject
Project("{FAE04EC0-301F-11D3-BF4B-00C04F79EFBC}") = "JiraLike.Infrastructure", "..\JiraLike.Infrastructure\JiraLike.Infrastructure.csproj", "{FFEFDB55-333C-4438-9FB7-2FA656DFC3E8}"
EndProject
Project("{FAE04EC0-301F-11D3-BF4B-00C04F79EFBC}") = "JiraLike.Application.Abstraction", "..\JiraLike.Application.Abstraction\JiraLike.Application.Abstraction.csproj", "{14704026-CB7C-4006-B3A4-1CB69BEF6F98}"
EndProject
Global
	GlobalSection(SolutionConfigurationPlatforms) = preSolution
		Debug|Any CPU = Debug|Any CPU
		Release|Any CPU = Release|Any CPU
	EndGlobalSection
	GlobalSection(ProjectConfigurationPlatforms) = postSolution
		{0C23C28B-1420-426C-ACE4-0146777D511D}.Debug|Any CPU.ActiveCfg = Debug|Any CPU
		{0C23C28B-1420-426C-ACE4-0146777D511D}.Debug|Any CPU.Build.0 = Debug|Any CPU
		{0C23C28B-1420-426C-ACE4-0146777D511D}.Release|Any CPU.ActiveCfg = Release|Any CPU
		{0C23C28B-1420-426C-ACE4-0146777D511D}.Release|Any CPU.Build.0 = Release|Any CPU
		{2F6CFFAC-D114-4077-B9A4-7F5C1382C533}.Debug|Any CPU.ActiveCfg = Debug|Any CPU
		{2F6CFFAC-D114-4077-B9A4-7F5C1382C533}.Debug|Any CPU.Build.0 = Debug|Any CPU
		{2F6CFFAC-D114-4077-B9A4-7F5C1382C533}.Release|Any CPU.ActiveCfg = Release|Any CPU
		{2F6CFFAC-D114-4077-B9A4-7F5C1382C533}.Release|Any CPU.Build.0 = Release|Any CPU
		{10246D24-FC9F-4BC3-9017-9705D1195645}.Debug|Any CPU.ActiveCfg = Debug|Any CPU
		{10246D24-FC9F-4BC3-9017-9705D1195645}.Debug|Any CPU.Build.0 = Debug|Any CPU
		{10246D24-FC9F-4BC3-9017-9705D1195645}.Release|Any CPU.ActiveCfg = Release|Any CPU
		{10246D24-FC9F-4BC3-9017-9705D1195645}.Release|Any CPU.Build.0 = Release|Any CPU
		{FFEFDB55-333C-4438-9FB7-2FA656DFC3E8}.Debug|Any CPU.ActiveCfg = Debug|Any CPU
		{FFEFDB55-333C-4438-9FB7-2FA656DFC3E8}.Debug|Any CPU.Build.0 = Debug|Any CPU
		{FFEFDB55-333C-4438-9FB7-2FA656DFC3E8}.Release|Any CPU.ActiveCfg = Release|Any CPU
		{FFEFDB55-333C-4438-9FB7-2FA656DFC3E8}.Release|Any CPU.Build.0 = Release|Any CPU
		{14704026-CB7C-4006-B3A4-1CB69BEF6F98}.Debug|Any CPU.ActiveCfg = Debug|Any CPU
		{14704026-CB7C-4006-B3A4-1CB69BEF6F98}.Debug|Any CPU.Build.0 = Debug|Any CPU
		{14704026-CB7C-4006-B3A4-1CB69BEF6F98}.Release|Any CPU.ActiveCfg = Release|Any CPU
		{14704026-CB7C-4006-B3A4-1CB69BEF6F98}.Release|Any CPU.Build.0 = Release|Any CPU
	EndGlobalSection
	GlobalSection(SolutionProperties) = preSolution
		HideSolutionNode = FALSE
	EndGlobalSection
	GlobalSection(ExtensibilityGlobals) = postSolution
		SolutionGuid = {35548315-8CF7-49AF-B7E9-2A40EE5C2259}
	EndGlobalSection
EndGlobal
